<?xml version="1.0" encoding="UTF-8" standalone="yes" ?>
<CodeBlocks_project_file>
	<FileVersion major="1" minor="6" />
	<Project>
		<Option title="Proyecto" />
		<Option pch_mode="2" />
		<Option compiler="gcc" />
		<Build>
			<Target title="Debug">
				<Option output="bin/Debug/Proyecto" prefix_auto="1" extension_auto="1" />
				<Option object_output="obj/Debug/" />
				<Option type="1" />
				<Option compiler="gcc" />
				<Compiler>
					<Add option="-g" />
				</Compiler>
			</Target>
			<Target title="Release">
				<Option output="bin/Release/Proyecto" prefix_auto="1" extension_auto="1" />
				<Option object_output="obj/Release/" />
				<Option type="1" />
				<Option compiler="gcc" />
				<Compiler>
					<Add option="-O2" />
				</Compiler>
				<Linker>
					<Add option="-s" />
				</Linker>
			</Target>
		</Build>
		<Compiler>
			<Add option="-Wall" />
			<Add option="-fexceptions" />
		</Compiler>
		<Unit filename="Agua.cpp" />
		<Unit filename="Agua.h" />
		<Unit filename="Enemigo.cpp" />
		<Unit filename="Enemigo.h" />
		<Unit filename="Enemigo1.cpp" />
		<Unit filename="Enemigo1.h" />
		<Unit filename="Enemigo2.cpp" />
		<Unit filename="Enemigo2.h" />
		<Unit filename="Enemigo3.cpp" />
		<Unit filename="Enemigo3.h" />
		<Unit filename="Enemigo4.cpp" />
		<Unit filename="Enemigo4.h" />
		<Unit filename="Enemigo5.cpp" />
		<Unit filename="Enemigo5.h" />
		<Unit filename="Enemigo6.cpp" />
		<Unit filename="Enemigo6.h" />
		<Unit filename="Personaje.cpp" />
		<Unit filename="Personaje.h" />
		<Unit filename="Plataforma.cpp" />
		<Unit filename="Plataforma.h" />
		<Unit filename="Plataforma1.cpp" />
		<Unit filename="Plataforma1.h" />
		<Unit filename="Plataforma2.cpp" />
		<Unit filename="Plataforma2.h" />
		<Unit filename="Plataforma3.cpp" />
		<Unit filename="Plataforma3.h" />
		<Unit filename="Plataforma4.cpp" />
		<Unit filename="Plataforma4.h" />
		<Unit filename="Plataforma5.cpp" />
		<Unit filename="Plataforma5.h" />
		<Unit filename="Plataforma6.cpp" />
		<Unit filename="Plataforma6.h" />
		<Unit filename="Plataforma7.cpp" />
		<Unit filename="Plataforma7.h" />
		<Unit filename="Plataforma8.cpp" />
		<Unit filename="Plataforma8.h" />
		<Unit filename="main.cpp" />
		<Extensions>
			<code_completion />
			<envvars />
			<debugger />
			<lib_finder disable_auto="1" />
		</Extensions>
	</Project>
</CodeBlocks_project_file>
